// !$*UTF8*$!
{
	archiveVersion = 1;
	classes = {
	};
	objectVersion = 55;
	objects = {

/* Begin PBXBuildFile section */
		48FF086929039BCB00CBC2A3 /* AppDelegate.swift in Sources */ = {isa = PBXBuildFile; fileRef = 48FF086829039BCB00CBC2A3 /* AppDelegate.swift */; };
		48FF086B29039BCB00CBC2A3 /* SceneDelegate.swift in Sources */ = {isa = PBXBuildFile; fileRef = 48FF086A29039BCB00CBC2A3 /* SceneDelegate.swift */; };
		48FF086D29039BCB00CBC2A3 /* MainTabBarViewController.swift in Sources */ = {isa = PBXBuildFile; fileRef = 48FF086C29039BCB00CBC2A3 /* MainTabBarViewController.swift */; };
		48FF087229039BCE00CBC2A3 /* Assets.xcassets in Resources */ = {isa = PBXBuildFile; fileRef = 48FF087129039BCE00CBC2A3 /* Assets.xcassets */; };
		48FF087529039BCE00CBC2A3 /* LaunchScreen.storyboard in Resources */ = {isa = PBXBuildFile; fileRef = 48FF087329039BCE00CBC2A3 /* LaunchScreen.storyboard */; };
		48FF087E2903A27100CBC2A3 /* UpcomingViewController.swift in Sources */ = {isa = PBXBuildFile; fileRef = 48FF087D2903A27100CBC2A3 /* UpcomingViewController.swift */; };
		48FF08802903A28000CBC2A3 /* HomeViewController.swift in Sources */ = {isa = PBXBuildFile; fileRef = 48FF087F2903A28000CBC2A3 /* HomeViewController.swift */; };
		48FF08822903A29000CBC2A3 /* SearchViewController.swift in Sources */ = {isa = PBXBuildFile; fileRef = 48FF08812903A29000CBC2A3 /* SearchViewController.swift */; };
		48FF08842903A2A100CBC2A3 /* DownloadsViewController.swift in Sources */ = {isa = PBXBuildFile; fileRef = 48FF08832903A2A100CBC2A3 /* DownloadsViewController.swift */; };
		48FF088B2903AA9600CBC2A3 /* CollectionViewTableViewCell.swift in Sources */ = {isa = PBXBuildFile; fileRef = 48FF088A2903AA9600CBC2A3 /* CollectionViewTableViewCell.swift */; };
		48FF088D2903BDFA00CBC2A3 /* HeroHeaderUIView.swift in Sources */ = {isa = PBXBuildFile; fileRef = 48FF088C2903BDFA00CBC2A3 /* HeroHeaderUIView.swift */; };
		48FF088F2903E20500CBC2A3 /* APICaller.swift in Sources */ = {isa = PBXBuildFile; fileRef = 48FF088E2903E20500CBC2A3 /* APICaller.swift */; };
		48FF08912903E78300CBC2A3 /* Title.swift in Sources */ = {isa = PBXBuildFile; fileRef = 48FF08902903E78300CBC2A3 /* Title.swift */; };
		48FF08932903EC6500CBC2A3 /* Extensions.swift in Sources */ = {isa = PBXBuildFile; fileRef = 48FF08922903EC6500CBC2A3 /* Extensions.swift */; };
		48FF0899290406CA00CBC2A3 /* TitleCollectionViewCell.swift in Sources */ = {isa = PBXBuildFile; fileRef = 48FF0898290406CA00CBC2A3 /* TitleCollectionViewCell.swift */; };
		48FF089C2904091E00CBC2A3 /* SDWebImage in Frameworks */ = {isa = PBXBuildFile; productRef = 48FF089B2904091E00CBC2A3 /* SDWebImage */; };
		48FF089E2904091E00CBC2A3 /* SDWebImageMapKit in Frameworks */ = {isa = PBXBuildFile; productRef = 48FF089D2904091E00CBC2A3 /* SDWebImageMapKit */; };
/* End PBXBuildFile section */

/* Begin PBXFileReference section */
		48FF086529039BCB00CBC2A3 /* NetflixClone.app */ = {isa = PBXFileReference; explicitFileType = wrapper.application; includeInIndex = 0; path = NetflixClone.app; sourceTree = BUILT_PRODUCTS_DIR; };
		48FF086829039BCB00CBC2A3 /* AppDelegate.swift */ = {isa = PBXFileReference; lastKnownFileType = sourcecode.swift; path = AppDelegate.swift; sourceTree = "<group>"; };
		48FF086A29039BCB00CBC2A3 /* SceneDelegate.swift */ = {isa = PBXFileReference; lastKnownFileType = sourcecode.swift; path = SceneDelegate.swift; sourceTree = "<group>"; };
		48FF086C29039BCB00CBC2A3 /* MainTabBarViewController.swift */ = {isa = PBXFileReference; lastKnownFileType = sourcecode.swift; path = MainTabBarViewController.swift; sourceTree = "<group>"; };
		48FF087129039BCE00CBC2A3 /* Assets.xcassets */ = {isa = PBXFileReference; lastKnownFileType = folder.assetcatalog; path = Assets.xcassets; sourceTree = "<group>"; };
		48FF087429039BCE00CBC2A3 /* Base */ = {isa = PBXFileReference; lastKnownFileType = file.storyboard; name = Base; path = Base.lproj/LaunchScreen.storyboard; sourceTree = "<group>"; };
		48FF087629039BCE00CBC2A3 /* Info.plist */ = {isa = PBXFileReference; lastKnownFileType = text.plist.xml; path = Info.plist; sourceTree = "<group>"; };
		48FF087D2903A27100CBC2A3 /* UpcomingViewController.swift */ = {isa = PBXFileReference; lastKnownFileType = sourcecode.swift; path = UpcomingViewController.swift; sourceTree = "<group>"; };
		48FF087F2903A28000CBC2A3 /* HomeViewController.swift */ = {isa = PBXFileReference; lastKnownFileType = sourcecode.swift; path = HomeViewController.swift; sourceTree = "<group>"; };
		48FF08812903A29000CBC2A3 /* SearchViewController.swift */ = {isa = PBXFileReference; lastKnownFileType = sourcecode.swift; path = SearchViewController.swift; sourceTree = "<group>"; };
		48FF08832903A2A100CBC2A3 /* DownloadsViewController.swift */ = {isa = PBXFileReference; lastKnownFileType = sourcecode.swift; path = DownloadsViewController.swift; sourceTree = "<group>"; };
		48FF088A2903AA9600CBC2A3 /* CollectionViewTableViewCell.swift */ = {isa = PBXFileReference; lastKnownFileType = sourcecode.swift; path = CollectionViewTableViewCell.swift; sourceTree = "<group>"; };
		48FF088C2903BDFA00CBC2A3 /* HeroHeaderUIView.swift */ = {isa = PBXFileReference; lastKnownFileType = sourcecode.swift; path = HeroHeaderUIView.swift; sourceTree = "<group>"; };
		48FF088E2903E20500CBC2A3 /* APICaller.swift */ = {isa = PBXFileReference; lastKnownFileType = sourcecode.swift; path = APICaller.swift; sourceTree = "<group>"; };
		48FF08902903E78300CBC2A3 /* Title.swift */ = {isa = PBXFileReference; lastKnownFileType = sourcecode.swift; path = Title.swift; sourceTree = "<group>"; };
		48FF08922903EC6500CBC2A3 /* Extensions.swift */ = {isa = PBXFileReference; lastKnownFileType = sourcecode.swift; path = Extensions.swift; sourceTree = "<group>"; };
		48FF0898290406CA00CBC2A3 /* TitleCollectionViewCell.swift */ = {isa = PBXFileReference; lastKnownFileType = sourcecode.swift; path = TitleCollectionViewCell.swift; sourceTree = "<group>"; };
/* End PBXFileReference section */

/* Begin PBXFrameworksBuildPhase section */
		48FF086229039BCB00CBC2A3 /* Frameworks */ = {
			isa = PBXFrameworksBuildPhase;
			buildActionMask = 2147483647;
			files = (
				48FF089E2904091E00CBC2A3 /* SDWebImageMapKit in Frameworks */,
				48FF089C2904091E00CBC2A3 /* SDWebImage in Frameworks */,
			);
			runOnlyForDeploymentPostprocessing = 0;
		};
/* End PBXFrameworksBuildPhase section */

/* Begin PBXGroup section */
		48FF085C29039BCB00CBC2A3 = {
			isa = PBXGroup;
			children = (
				48FF086729039BCB00CBC2A3 /* NetflixClone */,
				48FF086629039BCB00CBC2A3 /* Products */,
			);
			sourceTree = "<group>";
		};
		48FF086629039BCB00CBC2A3 /* Products */ = {
			isa = PBXGroup;
			children = (
				48FF086529039BCB00CBC2A3 /* NetflixClone.app */,
			);
			name = Products;
			sourceTree = "<group>";
		};
		48FF086729039BCB00CBC2A3 /* NetflixClone */ = {
			isa = PBXGroup;
			children = (
				48FF08892903AA3B00CBC2A3 /* Managers */,
				48FF08872903AA2000CBC2A3 /* Resources */,
				48FF08852903AA1000CBC2A3 /* Models */,
				48FF08862903AA1900CBC2A3 /* Views */,
				48FF08882903AA2B00CBC2A3 /* ViewModels */,
				48FF087C2903A22F00CBC2A3 /* Controllers */,
				48FF086829039BCB00CBC2A3 /* AppDelegate.swift */,
				48FF086A29039BCB00CBC2A3 /* SceneDelegate.swift */,
				48FF086C29039BCB00CBC2A3 /* MainTabBarViewController.swift */,
				48FF087129039BCE00CBC2A3 /* Assets.xcassets */,
				48FF087329039BCE00CBC2A3 /* LaunchScreen.storyboard */,
				48FF087629039BCE00CBC2A3 /* Info.plist */,
			);
			path = NetflixClone;
			sourceTree = "<group>";
		};
		48FF087C2903A22F00CBC2A3 /* Controllers */ = {
			isa = PBXGroup;
			children = (
				48FF087F2903A28000CBC2A3 /* HomeViewController.swift */,
				48FF087D2903A27100CBC2A3 /* UpcomingViewController.swift */,
				48FF08812903A29000CBC2A3 /* SearchViewController.swift */,
				48FF08832903A2A100CBC2A3 /* DownloadsViewController.swift */,
			);
			path = Controllers;
			sourceTree = "<group>";
		};
		48FF08852903AA1000CBC2A3 /* Models */ = {
			isa = PBXGroup;
			children = (
				48FF08902903E78300CBC2A3 /* Title.swift */,
			);
			path = Models;
			sourceTree = "<group>";
		};
		48FF08862903AA1900CBC2A3 /* Views */ = {
			isa = PBXGroup;
			children = (
				48FF088A2903AA9600CBC2A3 /* CollectionViewTableViewCell.swift */,
				48FF088C2903BDFA00CBC2A3 /* HeroHeaderUIView.swift */,
				48FF0898290406CA00CBC2A3 /* TitleCollectionViewCell.swift */,
			);
			path = Views;
			sourceTree = "<group>";
		};
		48FF08872903AA2000CBC2A3 /* Resources */ = {
			isa = PBXGroup;
			children = (
				48FF08922903EC6500CBC2A3 /* Extensions.swift */,
			);
			path = Resources;
			sourceTree = "<group>";
		};
		48FF08882903AA2B00CBC2A3 /* ViewModels */ = {
			isa = PBXGroup;
			children = (
			);
			path = ViewModels;
			sourceTree = "<group>";
		};
		48FF08892903AA3B00CBC2A3 /* Managers */ = {
			isa = PBXGroup;
			children = (
				48FF088E2903E20500CBC2A3 /* APICaller.swift */,
			);
			path = Managers;
			sourceTree = "<group>";
		};
/* End PBXGroup section */

/* Begin PBXNativeTarget section */
		48FF086429039BCB00CBC2A3 /* NetflixClone */ = {
			isa = PBXNativeTarget;
			buildConfigurationList = 48FF087929039BCE00CBC2A3 /* Build configuration list for PBXNativeTarget "NetflixClone" */;
			buildPhases = (
				48FF086129039BCB00CBC2A3 /* Sources */,
				48FF086229039BCB00CBC2A3 /* Frameworks */,
				48FF086329039BCB00CBC2A3 /* Resources */,
			);
			buildRules = (
			);
			dependencies = (
			);
			name = NetflixClone;
			packageProductDependencies = (
				48FF089B2904091E00CBC2A3 /* SDWebImage */,
				48FF089D2904091E00CBC2A3 /* SDWebImageMapKit */,
			);
			productName = NetflixClone;
			productReference = 48FF086529039BCB00CBC2A3 /* NetflixClone.app */;
			productType = "com.apple.product-type.application";
		};
/* End PBXNativeTarget section */

/* Begin PBXProject section */
		48FF085D29039BCB00CBC2A3 /* Project object */ = {
			isa = PBXProject;
			attributes = {
				BuildIndependentTargetsInParallel = 1;
				LastSwiftUpdateCheck = 1340;
				LastUpgradeCheck = 1340;
				TargetAttributes = {
					48FF086429039BCB00CBC2A3 = {
						CreatedOnToolsVersion = 13.4.1;
					};
				};
			};
			buildConfigurationList = 48FF086029039BCB00CBC2A3 /* Build configuration list for PBXProject "NetflixClone" */;
			compatibilityVersion = "Xcode 13.0";
			developmentRegion = en;
			hasScannedForEncodings = 0;
			knownRegions = (
				en,
				Base,
			);
			mainGroup = 48FF085C29039BCB00CBC2A3;
			packageReferences = (
				48FF089A2904091E00CBC2A3 /* XCRemoteSwiftPackageReference "SDWebImage" */,
			);
			productRefGroup = 48FF086629039BCB00CBC2A3 /* Products */;
			projectDirPath = "";
			projectRoot = "";
			targets = (
				48FF086429039BCB00CBC2A3 /* NetflixClone */,
			);
		};
/* End PBXProject section */

/* Begin PBXResourcesBuildPhase section */
		48FF086329039BCB00CBC2A3 /* Resources */ = {
			isa = PBXResourcesBuildPhase;
			buildActionMask = 2147483647;
			files = (
				48FF087529039BCE00CBC2A3 /* LaunchScreen.storyboard in Resources */,
				48FF087229039BCE00CBC2A3 /* Assets.xcassets in Resources */,
			);
			runOnlyForDeploymentPostprocessing = 0;
		};
/* End PBXResourcesBuildPhase section */

/* Begin PBXSourcesBuildPhase section */
		48FF086129039BCB00CBC2A3 /* Sources */ = {
			isa = PBXSourcesBuildPhase;
			buildActionMask = 2147483647;
			files = (
				48FF08822903A29000CBC2A3 /* SearchViewController.swift in Sources */,
				48FF0899290406CA00CBC2A3 /* TitleCollectionViewCell.swift in Sources */,
				48FF08802903A28000CBC2A3 /* HomeViewController.swift in Sources */,
				48FF088B2903AA9600CBC2A3 /* CollectionViewTableViewCell.swift in Sources */,
				48FF088F2903E20500CBC2A3 /* APICaller.swift in Sources */,
				48FF088D2903BDFA00CBC2A3 /* HeroHeaderUIView.swift in Sources */,
				48FF08842903A2A100CBC2A3 /* DownloadsViewController.swift in Sources */,
				48FF087E2903A27100CBC2A3 /* UpcomingViewController.swift in Sources */,
				48FF08932903EC6500CBC2A3 /* Extensions.swift in Sources */,
				48FF086D29039BCB00CBC2A3 /* MainTabBarViewController.swift in Sources */,
				48FF086929039BCB00CBC2A3 /* AppDelegate.swift in Sources */,
				48FF08912903E78300CBC2A3 /* Title.swift in Sources */,
				48FF086B29039BCB00CBC2A3 /* SceneDelegate.swift in Sources */,
			);
			runOnlyForDeploymentPostprocessing = 0;
		};
/* End PBXSourcesBuildPhase section */

/* Begin PBXVariantGroup section */
		48FF087329039BCE00CBC2A3 /* LaunchScreen.storyboard */ = {
			isa = PBXVariantGroup;
			children = (
				48FF087429039BCE00CBC2A3 /* Base */,
			);
			name = LaunchScreen.storyboard;
			sourceTree = "<group>";
		};
/* End PBXVariantGroup section */

/* Begin XCBuildConfiguration section */
		48FF087729039BCE00CBC2A3 /* Debug */ = {
			isa = XCBuildConfiguration;
			buildSettings = {
				ALWAYS_SEARCH_USER_PATHS = NO;
				CLANG_ANALYZER_NONNULL = YES;
				CLANG_ANALYZER_NUMBER_OBJECT_CONVERSION = YES_AGGRESSIVE;
				CLANG_CXX_LANGUAGE_STANDARD = "gnu++17";
				CLANG_ENABLE_MODULES = YES;
				CLANG_ENABLE_OBJC_ARC = YES;
				CLANG_ENABLE_OBJC_WEAK = YES;
				CLANG_WARN_BLOCK_CAPTURE_AUTORELEASING = YES;
				CLANG_WARN_BOOL_CONVERSION = YES;
				CLANG_WARN_COMMA = YES;
				CLANG_WARN_CONSTANT_CONVERSION = YES;
				CLANG_WARN_DEPRECATED_OBJC_IMPLEMENTATIONS = YES;
				CLANG_WARN_DIRECT_OBJC_ISA_USAGE = YES_ERROR;
				CLANG_WARN_DOCUMENTATION_COMMENTS = YES;
				CLANG_WARN_EMPTY_BODY = YES;
				CLANG_WARN_ENUM_CONVERSION = YES;
				CLANG_WARN_INFINITE_RECURSION = YES;
				CLANG_WARN_INT_CONVERSION = YES;
				CLANG_WARN_NON_LITERAL_NULL_CONVERSION = YES;
				CLANG_WARN_OBJC_IMPLICIT_RETAIN_SELF = YES;
				CLANG_WARN_OBJC_LITERAL_CONVERSION = YES;
				CLANG_WARN_OBJC_ROOT_CLASS = YES_ERROR;
				CLANG_WARN_QUOTED_INCLUDE_IN_FRAMEWORK_HEADER = YES;
				CLANG_WARN_RANGE_LOOP_ANALYSIS = YES;
				CLANG_WARN_STRICT_PROTOTYPES = YES;
				CLANG_WARN_SUSPICIOUS_MOVE = YES;
				CLANG_WARN_UNGUARDED_AVAILABILITY = YES_AGGRESSIVE;
				CLANG_WARN_UNREACHABLE_CODE = YES;
				CLANG_WARN__DUPLICATE_METHOD_MATCH = YES;
				COPY_PHASE_STRIP = NO;
				DEBUG_INFORMATION_FORMAT = dwarf;
				ENABLE_STRICT_OBJC_MSGSEND = YES;
				ENABLE_TESTABILITY = YES;
				GCC_C_LANGUAGE_STANDARD = gnu11;
				GCC_DYNAMIC_NO_PIC = NO;
				GCC_NO_COMMON_BLOCKS = YES;
				GCC_OPTIMIZATION_LEVEL = 0;
				GCC_PREPROCESSOR_DEFINITIONS = (
					"DEBUG=1",
					"$(inherited)",
				);
				GCC_WARN_64_TO_32_BIT_CONVERSION = YES;
				GCC_WARN_ABOUT_RETURN_TYPE = YES_ERROR;
				GCC_WARN_UNDECLARED_SELECTOR = YES;
				GCC_WARN_UNINITIALIZED_AUTOS = YES_AGGRESSIVE;
				GCC_WARN_UNUSED_FUNCTION = YES;
				GCC_WARN_UNUSED_VARIABLE = YES;
				IPHONEOS_DEPLOYMENT_TARGET = 15.5;
				MTL_ENABLE_DEBUG_INFO = INCLUDE_SOURCE;
				MTL_FAST_MATH = YES;
				ONLY_ACTIVE_ARCH = YES;
				SDKROOT = iphoneos;
				SWIFT_ACTIVE_COMPILATION_CONDITIONS = DEBUG;
				SWIFT_OPTIMIZATION_LEVEL = "-Onone";
			};
			name = Debug;
		};
		48FF087829039BCE00CBC2A3 /* Release */ = {
			isa = XCBuildConfiguration;
			buildSettings = {
				ALWAYS_SEARCH_USER_PATHS = NO;
				CLANG_ANALYZER_NONNULL = YES;
				CLANG_ANALYZER_NUMBER_OBJECT_CONVERSION = YES_AGGRESSIVE;
				CLANG_CXX_LANGUAGE_STANDARD = "gnu++17";
				CLANG_ENABLE_MODULES = YES;
				CLANG_ENABLE_OBJC_ARC = YES;
				CLANG_ENABLE_OBJC_WEAK = YES;
				CLANG_WARN_BLOCK_CAPTURE_AUTORELEASING = YES;
				CLANG_WARN_BOOL_CONVERSION = YES;
				CLANG_WARN_COMMA = YES;
				CLANG_WARN_CONSTANT_CONVERSION = YES;
				CLANG_WARN_DEPRECATED_OBJC_IMPLEMENTATIONS = YES;
				CLANG_WARN_DIRECT_OBJC_ISA_USAGE = YES_ERROR;
				CLANG_WARN_DOCUMENTATION_COMMENTS = YES;
				CLANG_WARN_EMPTY_BODY = YES;
				CLANG_WARN_ENUM_CONVERSION = YES;
				CLANG_WARN_INFINITE_RECURSION = YES;
				CLANG_WARN_INT_CONVERSION = YES;
				CLANG_WARN_NON_LITERAL_NULL_CONVERSION = YES;
				CLANG_WARN_OBJC_IMPLICIT_RETAIN_SELF = YES;
				CLANG_WARN_OBJC_LITERAL_CONVERSION = YES;
				CLANG_WARN_OBJC_ROOT_CLASS = YES_ERROR;
				CLANG_WARN_QUOTED_INCLUDE_IN_FRAMEWORK_HEADER = YES;
				CLANG_WARN_RANGE_LOOP_ANALYSIS = YES;
				CLANG_WARN_STRICT_PROTOTYPES = YES;
				CLANG_WARN_SUSPICIOUS_MOVE = YES;
				CLANG_WARN_UNGUARDED_AVAILABILITY = YES_AGGRESSIVE;
				CLANG_WARN_UNREACHABLE_CODE = YES;
				CLANG_WARN__DUPLICATE_METHOD_MATCH = YES;
				COPY_PHASE_STRIP = NO;
				DEBUG_INFORMATION_FORMAT = "dwarf-with-dsym";
				ENABLE_NS_ASSERTIONS = NO;
				ENABLE_STRICT_OBJC_MSGSEND = YES;
				GCC_C_LANGUAGE_STANDARD = gnu11;
				GCC_NO_COMMON_BLOCKS = YES;
				GCC_WARN_64_TO_32_BIT_CONVERSION = YES;
				GCC_WARN_ABOUT_RETURN_TYPE = YES_ERROR;
				GCC_WARN_UNDECLARED_SELECTOR = YES;
				GCC_WARN_UNINITIALIZED_AUTOS = YES_AGGRESSIVE;
				GCC_WARN_UNUSED_FUNCTION = YES;
				GCC_WARN_UNUSED_VARIABLE = YES;
				IPHONEOS_DEPLOYMENT_TARGET = 15.5;
				MTL_ENABLE_DEBUG_INFO = NO;
				MTL_FAST_MATH = YES;
				SDKROOT = iphoneos;
				SWIFT_COMPILATION_MODE = wholemodule;
				SWIFT_OPTIMIZATION_LEVEL = "-O";
				VALIDATE_PRODUCT = YES;
			};
			name = Release;
		};
		48FF087A29039BCE00CBC2A3 /* Debug */ = {
			isa = XCBuildConfiguration;
			buildSettings = {
				ASSETCATALOG_COMPILER_APPICON_NAME = AppIcon;
				ASSETCATALOG_COMPILER_GLOBAL_ACCENT_COLOR_NAME = AccentColor;
				CODE_SIGN_STYLE = Automatic;
				CURRENT_PROJECT_VERSION = 1;
				GENERATE_INFOPLIST_FILE = YES;
				INFOPLIST_FILE = NetflixClone/Info.plist;
				INFOPLIST_KEY_UIApplicationSupportsIndirectInputEvents = YES;
				INFOPLIST_KEY_UILaunchStoryboardName = LaunchScreen;
				INFOPLIST_KEY_UISupportedInterfaceOrientations_iPad = "UIInterfaceOrientationPortrait UIInterfaceOrientationPortraitUpsideDown UIInterfaceOrientationLandscapeLeft UIInterfaceOrientationLandscapeRight";
				INFOPLIST_KEY_UISupportedInterfaceOrientations_iPhone = "UIInterfaceOrientationPortrait UIInterfaceOrientationLandscapeLeft UIInterfaceOrientationLandscapeRight";
				LD_RUNPATH_SEARCH_PATHS = (
					"$(inherited)",
					"@executable_path/Frameworks",
				);
				MARKETING_VERSION = 1.0;
				PRODUCT_BUNDLE_IDENTIFIER = com.ramesh.NetflixClone;
				PRODUCT_NAME = "$(TARGET_NAME)";
				SWIFT_EMIT_LOC_STRINGS = YES;
				SWIFT_VERSION = 5.0;
				TARGETED_DEVICE_FAMILY = "1,2";
			};
			name = Debug;
		};
		48FF087B29039BCE00CBC2A3 /* Release */ = {
			isa = XCBuildConfiguration;
			buildSettings = {
				ASSETCATALOG_COMPILER_APPICON_NAME = AppIcon;
				ASSETCATALOG_COMPILER_GLOBAL_ACCENT_COLOR_NAME = AccentColor;
				CODE_SIGN_STYLE = Automatic;
				CURRENT_PROJECT_VERSION = 1;
				GENERATE_INFOPLIST_FILE = YES;
				INFOPLIST_FILE = NetflixClone/Info.plist;
				INFOPLIST_KEY_UIApplicationSupportsIndirectInputEvents = YES;
				INFOPLIST_KEY_UILaunchStoryboardName = LaunchScreen;
				INFOPLIST_KEY_UISupportedInterfaceOrientations_iPad = "UIInterfaceOrientationPortrait UIInterfaceOrientationPortraitUpsideDown UIInterfaceOrientationLandscapeLeft UIInterfaceOrientationLandscapeRight";
				INFOPLIST_KEY_UISupportedInterfaceOrientations_iPhone = "UIInterfaceOrientationPortrait UIInterfaceOrientationLandscapeLeft UIInterfaceOrientationLandscapeRight";
				LD_RUNPATH_SEARCH_PATHS = (
					"$(inherited)",
					"@executable_path/Frameworks",
				);
				MARKETING_VERSION = 1.0;
				PRODUCT_BUNDLE_IDENTIFIER = com.ramesh.NetflixClone;
				PRODUCT_NAME = "$(TARGET_NAME)";
				SWIFT_EMIT_LOC_STRINGS = YES;
				SWIFT_VERSION = 5.0;
				TARGETED_DEVICE_FAMILY = "1,2";
			};
			name = Release;
		};
/* End XCBuildConfiguration section */

/* Begin XCConfigurationList section */
		48FF086029039BCB00CBC2A3 /* Build configuration list for PBXProject "NetflixClone" */ = {
			isa = XCConfigurationList;
			buildConfigurations = (
				48FF087729039BCE00CBC2A3 /* Debug */,
				48FF087829039BCE00CBC2A3 /* Release */,
			);
			defaultConfigurationIsVisible = 0;
			defaultConfigurationName = Release;
		};
		48FF087929039BCE00CBC2A3 /* Build configuration list for PBXNativeTarget "NetflixClone" */ = {
			isa = XCConfigurationList;
			buildConfigurations = (
				48FF087A29039BCE00CBC2A3 /* Debug */,
				48FF087B29039BCE00CBC2A3 /* Release */,
			);
			defaultConfigurationIsVisible = 0;
			defaultConfigurationName = Release;
		};
/* End XCConfigurationList section */

/* Begin XCRemoteSwiftPackageReference section */
		48FF089A2904091E00CBC2A3 /* XCRemoteSwiftPackageReference "SDWebImage" */ = {
			isa = XCRemoteSwiftPackageReference;
			repositoryURL = "https://github.com/SDWebImage/SDWebImage.git";
			requirement = {
				kind = upToNextMajorVersion;
				minimumVersion = 5.0.0;
			};
		};
/* End XCRemoteSwiftPackageReference section */

/* Begin XCSwiftPackageProductDependency section */
		48FF089B2904091E00CBC2A3 /* SDWebImage */ = {
			isa = XCSwiftPackageProductDependency;
			package = 48FF089A2904091E00CBC2A3 /* XCRemoteSwiftPackageReference "SDWebImage" */;
			productName = SDWebImage;
		};
		48FF089D2904091E00CBC2A3 /* SDWebImageMapKit */ = {
			isa = XCSwiftPackageProductDependency;
			package = 48FF089A2904091E00CBC2A3 /* XCRemoteSwiftPackageReference "SDWebImage" */;
			productName = SDWebImageMapKit;
		};
/* End XCSwiftPackageProductDependency section */
	};
	rootObject = 48FF085D29039BCB00CBC2A3 /* Project object */;
}
